github.com/go-on/context v1.1.1 h1:8/0tfVObg9VOVvegx7ogrVZ/8pr4ougkN7FQ6Rva0KM=
github.com/go-on/context v1.1.1/go.mod h1:vcMFKPaIDnylT6U5Jhh76LK3PpvS6WlYowfeOIA2080=
github.com/go-on/go-http-auth v0.0.0-20131203013836-0c7409b87f66 h1:ymn7O7zZPamjZS1qxujka3Kz/TsWyHN5Xp6ibfP/BKk=
github.com/go-on/go-http-auth v0.0.0-20131203013836-0c7409b87f66/go.mod h1:9TD3VN07oAMU2TIT8SxJXVk56EKR3U+gJpGjK1EYvgc=
github.com/go-on/method v1.0.1 h1:ZM5uZxI+VsWfmzukL8RtAYngHhwOHydySi5iVX4sr2k=
github.com/go-on/method v1.0.1/go.mod h1:ivZsF6eo4tx8pX+Iy6lQRzi4VzRSexkusH6EP9vhCMg=
github.com/go-on/nosurf v0.0.0-20141216102940-d77c890bdde2 h1:7+UHPDuvHjKlatYhgipFJ0/5/QAA18v7WlWkPU6LWHw=
github.com/go-on/nosurf v0.0.0-20141216102940-d77c890bdde2/go.mod h1:UXGlaSnsY59qwhWR/xK/WnADnX6E4ox06cWlzpsAGoc=
github.com/go-on/router v2.12.3+incompatible h1:D+rCo0jJapF/d0s8IbF/8r75Bnaiatr7aeJXLDi+wm4=
github.com/go-on/router v2.12.3+incompatible/go.mod h1:HEvAvvMRgvjuKsd1SLed7sZi4aWfvtDwlms/j4VK8fg=
github.com/go-on/securecookie v0.0.0-20141120170742-f0559d009e69 h1:6S3+pyogb+9/wbM8cX0GPP0XFou4u+x9iD6Njkf3K5w=
github.com/go-on/securecookie v0.0.0-20141120170742-f0559d009e69/go.mod h1:JPUFt1pJAvtzx03gYH0Qgi0NBxmddm3m4wtJKW5r/D0=
github.com/go-on/sessions v1.1.1 h1:gxJdGQSRJRqY3ovDvirXFfJb3qNA4wcfv/+bpd9Sex4=
github.com/go-on/sessions v1.1.1/go.mod h1:MSfB5/n6h7OAohFpZRDkknRABOjXKbXFb/Cx+JZ0+PM=
github.com/go-on/wrap v0.0.0-20180815192933-d1ac8ae9b5e2 h1:j/VeKjGI9sDoTxFZBEvoVPHa1UOiELJLcrg4zxwtQMo=
github.com/go-on/wrap v0.0.0-20180815192933-d1ac8ae9b5e2/go.mod h1:44iXyI9gYqkLpd1IgONysG3iTNET2A1wxkDx84ZVr6U=
github.com/go-on/wrap-contrib v2.7.1+incompatible/go.mod h1:bWxySjFLS4TWVzrh5TZICYSYX/NC1jEY5jP0fyx0KbU=
gopkg.in/go-on/router.v2 v2.12.3 h1:HD/+jFp3as98+i0WstNG7HxJSY83Vqnw+MyiN/F0Orc=
gopkg.in/go-on/router.v2 v2.12.3/go.mod h1:So/EO1+YHzXuhKmxVYYSniwMOiOmIoLFUwHR+40jB9Q=
